// !$*UTF8*$!
{
	archiveVersion = 1;
	classes = {
	};
	objectVersion = 50;
	objects = {

/* Begin PBXBuildFile section */
		803DD15321283CC1006E5782 /* AppDelegate.swift in Sources */ = {isa = PBXBuildFile; fileRef = 803DD15221283CC1006E5782 /* AppDelegate.swift */; };
		803DD15521283CC1006E5782 /* MainViewController.swift in Sources */ = {isa = PBXBuildFile; fileRef = 803DD15421283CC1006E5782 /* MainViewController.swift */; };
		803DD15821283CC1006E5782 /* Main.storyboard in Resources */ = {isa = PBXBuildFile; fileRef = 803DD15621283CC1006E5782 /* Main.storyboard */; };
		803DD15A21283CC2006E5782 /* Assets.xcassets in Resources */ = {isa = PBXBuildFile; fileRef = 803DD15921283CC2006E5782 /* Assets.xcassets */; };
		803DD15D21283CC2006E5782 /* LaunchScreen.storyboard in Resources */ = {isa = PBXBuildFile; fileRef = 803DD15B21283CC2006E5782 /* LaunchScreen.storyboard */; };
		803DD16621283D25006E5782 /* AuthenticationViewController.swift in Sources */ = {isa = PBXBuildFile; fileRef = 803DD16521283D25006E5782 /* AuthenticationViewController.swift */; };
		803DD1692128455C006E5782 /* Credential.swift in Sources */ = {isa = PBXBuildFile; fileRef = 803DD1682128455C006E5782 /* Credential.swift */; };
		803DD16C2128489D006E5782 /* AuthenticationViewControllerDelegate.swift in Sources */ = {isa = PBXBuildFile; fileRef = 803DD16B2128489D006E5782 /* AuthenticationViewControllerDelegate.swift */; };
		803DD16F21284D8C006E5782 /* User.swift in Sources */ = {isa = PBXBuildFile; fileRef = 803DD16E21284D8C006E5782 /* User.swift */; };
		803DD17221284E3E006E5782 /* APIManager.swift in Sources */ = {isa = PBXBuildFile; fileRef = 803DD17121284E3E006E5782 /* APIManager.swift */; };
/* End PBXBuildFile section */

/* Begin PBXFileReference section */
		803DD14F21283CC1006E5782 /* instagram-client-geekbrains.app */ = {isa = PBXFileReference; explicitFileType = wrapper.application; includeInIndex = 0; path = "instagram-client-geekbrains.app"; sourceTree = BUILT_PRODUCTS_DIR; };
		803DD15221283CC1006E5782 /* AppDelegate.swift */ = {isa = PBXFileReference; lastKnownFileType = sourcecode.swift; path = AppDelegate.swift; sourceTree = "<group>"; };
		803DD15421283CC1006E5782 /* MainViewController.swift */ = {isa = PBXFileReference; lastKnownFileType = sourcecode.swift; path = MainViewController.swift; sourceTree = "<group>"; };
		803DD15721283CC1006E5782 /* Base */ = {isa = PBXFileReference; lastKnownFileType = file.storyboard; name = Base; path = Base.lproj/Main.storyboard; sourceTree = "<group>"; };
		803DD15921283CC2006E5782 /* Assets.xcassets */ = {isa = PBXFileReference; lastKnownFileType = folder.assetcatalog; path = Assets.xcassets; sourceTree = "<group>"; };
		803DD15C21283CC2006E5782 /* Base */ = {isa = PBXFileReference; lastKnownFileType = file.storyboard; name = Base; path = Base.lproj/LaunchScreen.storyboard; sourceTree = "<group>"; };
		803DD15E21283CC2006E5782 /* Info.plist */ = {isa = PBXFileReference; lastKnownFileType = text.plist.xml; path = Info.plist; sourceTree = "<group>"; };
		803DD16521283D25006E5782 /* AuthenticationViewController.swift */ = {isa = PBXFileReference; lastKnownFileType = sourcecode.swift; path = AuthenticationViewController.swift; sourceTree = "<group>"; };
		803DD1682128455C006E5782 /* Credential.swift */ = {isa = PBXFileReference; lastKnownFileType = sourcecode.swift; path = Credential.swift; sourceTree = "<group>"; };
		803DD16B2128489D006E5782 /* AuthenticationViewControllerDelegate.swift */ = {isa = PBXFileReference; lastKnownFileType = sourcecode.swift; path = AuthenticationViewControllerDelegate.swift; sourceTree = "<group>"; };
		803DD16E21284D8C006E5782 /* User.swift */ = {isa = PBXFileReference; lastKnownFileType = sourcecode.swift; path = User.swift; sourceTree = "<group>"; };
		803DD17121284E3E006E5782 /* APIManager.swift */ = {isa = PBXFileReference; lastKnownFileType = sourcecode.swift; path = APIManager.swift; sourceTree = "<group>"; };
/* End PBXFileReference section */

/* Begin PBXFrameworksBuildPhase section */
		803DD14C21283CC1006E5782 /* Frameworks */ = {
			isa = PBXFrameworksBuildPhase;
			buildActionMask = 2147483647;
			files = (
			);
			runOnlyForDeploymentPostprocessing = 0;
		};
/* End PBXFrameworksBuildPhase section */

/* Begin PBXGroup section */
		803DD14621283CC1006E5782 = {
			isa = PBXGroup;
			children = (
				803DD15121283CC1006E5782 /* instagram-client-geekbrains */,
				803DD15021283CC1006E5782 /* Products */,
			);
			sourceTree = "<group>";
		};
		803DD15021283CC1006E5782 /* Products */ = {
			isa = PBXGroup;
			children = (
				803DD14F21283CC1006E5782 /* instagram-client-geekbrains.app */,
			);
			name = Products;
			sourceTree = "<group>";
		};
		803DD15121283CC1006E5782 /* instagram-client-geekbrains */ = {
			isa = PBXGroup;
			children = (
				803DD17021284E30006E5782 /* API */,
				803DD16D21284D74006E5782 /* Model */,
				803DD1672128454E006E5782 /* Utils */,
				803DD16421283CF8006E5782 /* Controllers */,
				803DD15221283CC1006E5782 /* AppDelegate.swift */,
				803DD15621283CC1006E5782 /* Main.storyboard */,
				803DD15921283CC2006E5782 /* Assets.xcassets */,
				803DD15B21283CC2006E5782 /* LaunchScreen.storyboard */,
				803DD15E21283CC2006E5782 /* Info.plist */,
			);
			path = "instagram-client-geekbrains";
			sourceTree = "<group>";
		};
		803DD16421283CF8006E5782 /* Controllers */ = {
			isa = PBXGroup;
			children = (
				803DD16A2128486C006E5782 /* Authentication */,
				803DD15421283CC1006E5782 /* MainViewController.swift */,
			);
			path = Controllers;
			sourceTree = "<group>";
		};
		803DD1672128454E006E5782 /* Utils */ = {
			isa = PBXGroup;
			children = (
				803DD1682128455C006E5782 /* Credential.swift */,
			);
			path = Utils;
			sourceTree = "<group>";
		};
		803DD16A2128486C006E5782 /* Authentication */ = {
			isa = PBXGroup;
			children = (
				803DD16521283D25006E5782 /* AuthenticationViewController.swift */,
				803DD16B2128489D006E5782 /* AuthenticationViewControllerDelegate.swift */,
			);
			path = Authentication;
			sourceTree = "<group>";
		};
		803DD16D21284D74006E5782 /* Model */ = {
			isa = PBXGroup;
			children = (
				803DD16E21284D8C006E5782 /* User.swift */,
			);
			path = Model;
			sourceTree = "<group>";
		};
		803DD17021284E30006E5782 /* API */ = {
			isa = PBXGroup;
			children = (
				803DD17121284E3E006E5782 /* APIManager.swift */,
			);
			path = API;
			sourceTree = "<group>";
		};
/* End PBXGroup section */

/* Begin PBXNativeTarget section */
		803DD14E21283CC1006E5782 /* instagram-client-geekbrains */ = {
			isa = PBXNativeTarget;
			buildConfigurationList = 803DD16121283CC2006E5782 /* Build configuration list for PBXNativeTarget "instagram-client-geekbrains" */;
			buildPhases = (
				803DD14B21283CC1006E5782 /* Sources */,
				803DD14C21283CC1006E5782 /* Frameworks */,
				803DD14D21283CC1006E5782 /* Resources */,
			);
			buildRules = (
			);
			dependencies = (
			);
			name = "instagram-client-geekbrains";
			productName = "instagram-client-geekbrains";
			productReference = 803DD14F21283CC1006E5782 /* instagram-client-geekbrains.app */;
			productType = "com.apple.product-type.application";
		};
/* End PBXNativeTarget section */

/* Begin PBXProject section */
		803DD14721283CC1006E5782 /* Project object */ = {
			isa = PBXProject;
			attributes = {
				LastSwiftUpdateCheck = 0940;
				LastUpgradeCheck = 0940;
				ORGANIZATIONNAME = "Aleksandr Zhuravlev";
				TargetAttributes = {
					803DD14E21283CC1006E5782 = {
						CreatedOnToolsVersion = 9.4.1;
					};
				};
			};
			buildConfigurationList = 803DD14A21283CC1006E5782 /* Build configuration list for PBXProject "instagram-client-geekbrains" */;
			compatibilityVersion = "Xcode 9.3";
			developmentRegion = en;
			hasScannedForEncodings = 0;
			knownRegions = (
				en,
				Base,
			);
			mainGroup = 803DD14621283CC1006E5782;
			productRefGroup = 803DD15021283CC1006E5782 /* Products */;
			projectDirPath = "";
			projectRoot = "";
			targets = (
				803DD14E21283CC1006E5782 /* instagram-client-geekbrains */,
			);
		};
/* End PBXProject section */

/* Begin PBXResourcesBuildPhase section */
		803DD14D21283CC1006E5782 /* Resources */ = {
			isa = PBXResourcesBuildPhase;
			buildActionMask = 2147483647;
			files = (
				803DD15D21283CC2006E5782 /* LaunchScreen.storyboard in Resources */,
				803DD15A21283CC2006E5782 /* Assets.xcassets in Resources */,
				803DD15821283CC1006E5782 /* Main.storyboard in Resources */,
			);
			runOnlyForDeploymentPostprocessing = 0;
		};
/* End PBXResourcesBuildPhase section */

/* Begin PBXSourcesBuildPhase section */
		803DD14B21283CC1006E5782 /* Sources */ = {
			isa = PBXSourcesBuildPhase;
			buildActionMask = 2147483647;
			files = (
				803DD16C2128489D006E5782 /* AuthenticationViewControllerDelegate.swift in Sources */,
				803DD15521283CC1006E5782 /* MainViewController.swift in Sources */,
				803DD16F21284D8C006E5782 /* User.swift in Sources */,
				803DD16621283D25006E5782 /* AuthenticationViewController.swift in Sources */,
				803DD1692128455C006E5782 /* Credential.swift in Sources */,
				803DD15321283CC1006E5782 /* AppDelegate.swift in Sources */,
				803DD17221284E3E006E5782 /* APIManager.swift in Sources */,
			);
			runOnlyForDeploymentPostprocessing = 0;
		};
/* End PBXSourcesBuildPhase section */

/* Begin PBXVariantGroup section */
		803DD15621283CC1006E5782 /* Main.storyboard */ = {
			isa = PBXVariantGroup;
			children = (
				803DD15721283CC1006E5782 /* Base */,
			);
			name = Main.storyboard;
			sourceTree = "<group>";
		};
		803DD15B21283CC2006E5782 /* LaunchScreen.storyboard */ = {
			isa = PBXVariantGroup;
			children = (
				803DD15C21283CC2006E5782 /* Base */,
			);
			name = LaunchScreen.storyboard;
			sourceTree = "<group>";
		};
/* End PBXVariantGroup section */

/* Begin XCBuildConfiguration section */
		803DD15F21283CC2006E5782 /* Debug */ = {
			isa = XCBuildConfiguration;
			buildSettings = {
				ALWAYS_SEARCH_USER_PATHS = NO;
				CLANG_ANALYZER_NONNULL = YES;
				CLANG_ANALYZER_NUMBER_OBJECT_CONVERSION = YES_AGGRESSIVE;
				CLANG_CXX_LANGUAGE_STANDARD = "gnu++14";
				CLANG_CXX_LIBRARY = "libc++";
				CLANG_ENABLE_MODULES = YES;
				CLANG_ENABLE_OBJC_ARC = YES;
				CLANG_ENABLE_OBJC_WEAK = YES;
				CLANG_WARN_BLOCK_CAPTURE_AUTORELEASING = YES;
				CLANG_WARN_BOOL_CONVERSION = YES;
				CLANG_WARN_COMMA = YES;
				CLANG_WARN_CONSTANT_CONVERSION = YES;
				CLANG_WARN_DEPRECATED_OBJC_IMPLEMENTATIONS = YES;
				CLANG_WARN_DIRECT_OBJC_ISA_USAGE = YES_ERROR;
				CLANG_WARN_DOCUMENTATION_COMMENTS = YES;
				CLANG_WARN_EMPTY_BODY = YES;
				CLANG_WARN_ENUM_CONVERSION = YES;
				CLANG_WARN_INFINITE_RECURSION = YES;
				CLANG_WARN_INT_CONVERSION = YES;
				CLANG_WARN_NON_LITERAL_NULL_CONVERSION = YES;
				CLANG_WARN_OBJC_IMPLICIT_RETAIN_SELF = YES;
				CLANG_WARN_OBJC_LITERAL_CONVERSION = YES;
				CLANG_WARN_OBJC_ROOT_CLASS = YES_ERROR;
				CLANG_WARN_RANGE_LOOP_ANALYSIS = YES;
				CLANG_WARN_STRICT_PROTOTYPES = YES;
				CLANG_WARN_SUSPICIOUS_MOVE = YES;
				CLANG_WARN_UNGUARDED_AVAILABILITY = YES_AGGRESSIVE;
				CLANG_WARN_UNREACHABLE_CODE = YES;
				CLANG_WARN__DUPLICATE_METHOD_MATCH = YES;
				CODE_SIGN_IDENTITY = "iPhone Developer";
				COPY_PHASE_STRIP = NO;
				DEBUG_INFORMATION_FORMAT = dwarf;
				ENABLE_STRICT_OBJC_MSGSEND = YES;
				ENABLE_TESTABILITY = YES;
				GCC_C_LANGUAGE_STANDARD = gnu11;
				GCC_DYNAMIC_NO_PIC = NO;
				GCC_NO_COMMON_BLOCKS = YES;
				GCC_OPTIMIZATION_LEVEL = 0;
				GCC_PREPROCESSOR_DEFINITIONS = (
					"DEBUG=1",
					"$(inherited)",
				);
				GCC_WARN_64_TO_32_BIT_CONVERSION = YES;
				GCC_WARN_ABOUT_RETURN_TYPE = YES_ERROR;
				GCC_WARN_UNDECLARED_SELECTOR = YES;
				GCC_WARN_UNINITIALIZED_AUTOS = YES_AGGRESSIVE;
				GCC_WARN_UNUSED_FUNCTION = YES;
				GCC_WARN_UNUSED_VARIABLE = YES;
				IPHONEOS_DEPLOYMENT_TARGET = 11.4;
				MTL_ENABLE_DEBUG_INFO = YES;
				ONLY_ACTIVE_ARCH = YES;
				SDKROOT = iphoneos;
				SWIFT_ACTIVE_COMPILATION_CONDITIONS = DEBUG;
				SWIFT_OPTIMIZATION_LEVEL = "-Onone";
			};
			name = Debug;
		};
		803DD16021283CC2006E5782 /* Release */ = {
			isa = XCBuildConfiguration;
			buildSettings = {
				ALWAYS_SEARCH_USER_PATHS = NO;
				CLANG_ANALYZER_NONNULL = YES;
				CLANG_ANALYZER_NUMBER_OBJECT_CONVERSION = YES_AGGRESSIVE;
				CLANG_CXX_LANGUAGE_STANDARD = "gnu++14";
				CLANG_CXX_LIBRARY = "libc++";
				CLANG_ENABLE_MODULES = YES;
				CLANG_ENABLE_OBJC_ARC = YES;
				CLANG_ENABLE_OBJC_WEAK = YES;
				CLANG_WARN_BLOCK_CAPTURE_AUTORELEASING = YES;
				CLANG_WARN_BOOL_CONVERSION = YES;
				CLANG_WARN_COMMA = YES;
				CLANG_WARN_CONSTANT_CONVERSION = YES;
				CLANG_WARN_DEPRECATED_OBJC_IMPLEMENTATIONS = YES;
				CLANG_WARN_DIRECT_OBJC_ISA_USAGE = YES_ERROR;
				CLANG_WARN_DOCUMENTATION_COMMENTS = YES;
				CLANG_WARN_EMPTY_BODY = YES;
				CLANG_WARN_ENUM_CONVERSION = YES;
				CLANG_WARN_INFINITE_RECURSION = YES;
				CLANG_WARN_INT_CONVERSION = YES;
				CLANG_WARN_NON_LITERAL_NULL_CONVERSION = YES;
				CLANG_WARN_OBJC_IMPLICIT_RETAIN_SELF = YES;
				CLANG_WARN_OBJC_LITERAL_CONVERSION = YES;
				CLANG_WARN_OBJC_ROOT_CLASS = YES_ERROR;
				CLANG_WARN_RANGE_LOOP_ANALYSIS = YES;
				CLANG_WARN_STRICT_PROTOTYPES = YES;
				CLANG_WARN_SUSPICIOUS_MOVE = YES;
				CLANG_WARN_UNGUARDED_AVAILABILITY = YES_AGGRESSIVE;
				CLANG_WARN_UNREACHABLE_CODE = YES;
				CLANG_WARN__DUPLICATE_METHOD_MATCH = YES;
				CODE_SIGN_IDENTITY = "iPhone Developer";
				COPY_PHASE_STRIP = NO;
				DEBUG_INFORMATION_FORMAT = "dwarf-with-dsym";
				ENABLE_NS_ASSERTIONS = NO;
				ENABLE_STRICT_OBJC_MSGSEND = YES;
				GCC_C_LANGUAGE_STANDARD = gnu11;
				GCC_NO_COMMON_BLOCKS = YES;
				GCC_WARN_64_TO_32_BIT_CONVERSION = YES;
				GCC_WARN_ABOUT_RETURN_TYPE = YES_ERROR;
				GCC_WARN_UNDECLARED_SELECTOR = YES;
				GCC_WARN_UNINITIALIZED_AUTOS = YES_AGGRESSIVE;
				GCC_WARN_UNUSED_FUNCTION = YES;
				GCC_WARN_UNUSED_VARIABLE = YES;
				IPHONEOS_DEPLOYMENT_TARGET = 11.4;
				MTL_ENABLE_DEBUG_INFO = NO;
				SDKROOT = iphoneos;
				SWIFT_COMPILATION_MODE = wholemodule;
				SWIFT_OPTIMIZATION_LEVEL = "-O";
				VALIDATE_PRODUCT = YES;
			};
			name = Release;
		};
		803DD16221283CC2006E5782 /* Debug */ = {
			isa = XCBuildConfiguration;
			buildSettings = {
				ASSETCATALOG_COMPILER_APPICON_NAME = AppIcon;
				CODE_SIGN_STYLE = Automatic;
				INFOPLIST_FILE = "instagram-client-geekbrains/Info.plist";
				LD_RUNPATH_SEARCH_PATHS = (
					"$(inherited)",
					"@executable_path/Frameworks",
				);
				PRODUCT_BUNDLE_IDENTIFIER = "m.instagram-client-geekbrains";
				PRODUCT_NAME = "$(TARGET_NAME)";
				SWIFT_VERSION = 4.0;
				TARGETED_DEVICE_FAMILY = "1,2";
			};
			name = Debug;
		};
		803DD16321283CC2006E5782 /* Release */ = {
			isa = XCBuildConfiguration;
			buildSettings = {
				ASSETCATALOG_COMPILER_APPICON_NAME = AppIcon;
				CODE_SIGN_STYLE = Automatic;
				INFOPLIST_FILE = "instagram-client-geekbrains/Info.plist";
				LD_RUNPATH_SEARCH_PATHS = (
					"$(inherited)",
					"@executable_path/Frameworks",
				);
				PRODUCT_BUNDLE_IDENTIFIER = "m.instagram-client-geekbrains";
				PRODUCT_NAME = "$(TARGET_NAME)";
				SWIFT_VERSION = 4.0;
				TARGETED_DEVICE_FAMILY = "1,2";
			};
			name = Release;
		};
/* End XCBuildConfiguration section */

/* Begin XCConfigurationList section */
		803DD14A21283CC1006E5782 /* Build configuration list for PBXProject "instagram-client-geekbrains" */ = {
			isa = XCConfigurationList;
			buildConfigurations = (
				803DD15F21283CC2006E5782 /* Debug */,
				803DD16021283CC2006E5782 /* Release */,
			);
			defaultConfigurationIsVisible = 0;
			defaultConfigurationName = Release;
		};
		803DD16121283CC2006E5782 /* Build configuration list for PBXNativeTarget "instagram-client-geekbrains" */ = {
			isa = XCConfigurationList;
			buildConfigurations = (
				803DD16221283CC2006E5782 /* Debug */,
				803DD16321283CC2006E5782 /* Release */,
			);
			defaultConfigurationIsVisible = 0;
			defaultConfigurationName = Release;
		};
/* End XCConfigurationList section */
	};
	rootObject = 803DD14721283CC1006E5782 /* Project object */;
}
